
Microsoft Visual Studio Solution File, Format Version 12.00
# Visual Studio 15
VisualStudioVersion = 15.0.27004.2008
MinimumVisualStudioVersion = 10.0.40219.1
Project("{9A19103F-16F7-4668-BE54-9A1E7A4F7556}") = "LearnNetCoreApi", "LearnNetCoreApi\LearnNetCoreApi.csproj", "{691493E3-83F8-456F-A929-910A9DB1CD27}"
EndProject
Project("{2150E333-8FDC-42A3-9474-1A3956D46DE8}") = "src", "src", "{861E44D9-E975-424F-8621-A8C20A99F0DA}"
EndProject
Project("{00D1A9C2-B5F0-4AF3-8072-F6C62B433612}") = "Organization", "Organization\Organization.sqlproj", "{4261C08B-8763-4F17-B303-7C60A6C1BDF6}"
EndProject
Global
	GlobalSection(SolutionConfigurationPlatforms) = preSolution
		Debug|Any CPU = Debug|Any CPU
		Release|Any CPU = Release|Any CPU
	EndGlobalSection
	GlobalSection(ProjectConfigurationPlatforms) = postSolution
		{691493E3-83F8-456F-A929-910A9DB1CD27}.Debug|Any CPU.ActiveCfg = Debug|Any CPU
		{691493E3-83F8-456F-A929-910A9DB1CD27}.Debug|Any CPU.Build.0 = Debug|Any CPU
		{691493E3-83F8-456F-A929-910A9DB1CD27}.Release|Any CPU.ActiveCfg = Release|Any CPU
		{691493E3-83F8-456F-A929-910A9DB1CD27}.Release|Any CPU.Build.0 = Release|Any CPU
		{4261C08B-8763-4F17-B303-7C60A6C1BDF6}.Debug|Any CPU.ActiveCfg = Debug|Any CPU
		{4261C08B-8763-4F17-B303-7C60A6C1BDF6}.Debug|Any CPU.Build.0 = Debug|Any CPU
		{4261C08B-8763-4F17-B303-7C60A6C1BDF6}.Debug|Any CPU.Deploy.0 = Debug|Any CPU
		{4261C08B-8763-4F17-B303-7C60A6C1BDF6}.Release|Any CPU.ActiveCfg = Release|Any CPU
		{4261C08B-8763-4F17-B303-7C60A6C1BDF6}.Release|Any CPU.Build.0 = Release|Any CPU
		{4261C08B-8763-4F17-B303-7C60A6C1BDF6}.Release|Any CPU.Deploy.0 = Release|Any CPU
	EndGlobalSection
	GlobalSection(SolutionProperties) = preSolution
		HideSolutionNode = FALSE
	EndGlobalSection
	GlobalSection(NestedProjects) = preSolution
		{691493E3-83F8-456F-A929-910A9DB1CD27} = {861E44D9-E975-424F-8621-A8C20A99F0DA}
		{4261C08B-8763-4F17-B303-7C60A6C1BDF6} = {861E44D9-E975-424F-8621-A8C20A99F0DA}
	EndGlobalSection
	GlobalSection(ExtensibilityGlobals) = postSolution
		SolutionGuid = {2E34D1D9-4EDF-4F87-B83B-899E91858BB0}
	EndGlobalSection
EndGlobal
